// !$*UTF8*$!
{
	archiveVersion = 1;
	classes = {
	};
	objectVersion = 51;
	objects = {

/* Begin PBXBuildFile section */
		09F76990611C2F10C0D7E2E5 /* Pods_flixapp.framework in Frameworks */ = {isa = PBXBuildFile; fileRef = 9B9E79E4F4578626ACD4BEC1 /* Pods_flixapp.framework */; };
		220FACF125D242AA007E753D /* MovieDetailsViewController.swift in Sources */ = {isa = PBXBuildFile; fileRef = 220FACF025D242AA007E753D /* MovieDetailsViewController.swift */; };
		220FACF625D5012A007E753D /* MovieGridViewController.swift in Sources */ = {isa = PBXBuildFile; fileRef = 220FACF525D5012A007E753D /* MovieGridViewController.swift */; };
		220FACFB25D50508007E753D /* MovieGridCell.swift in Sources */ = {isa = PBXBuildFile; fileRef = 220FACFA25D50508007E753D /* MovieGridCell.swift */; };
		22ADEB9F25C903B600D461EF /* AppDelegate.swift in Sources */ = {isa = PBXBuildFile; fileRef = 22ADEB9E25C903B600D461EF /* AppDelegate.swift */; };
		22ADEBA125C903B600D461EF /* SceneDelegate.swift in Sources */ = {isa = PBXBuildFile; fileRef = 22ADEBA025C903B600D461EF /* SceneDelegate.swift */; };
		22ADEBA625C903B600D461EF /* Main.storyboard in Resources */ = {isa = PBXBuildFile; fileRef = 22ADEBA425C903B600D461EF /* Main.storyboard */; };
		22ADEBA825C903B700D461EF /* Assets.xcassets in Resources */ = {isa = PBXBuildFile; fileRef = 22ADEBA725C903B700D461EF /* Assets.xcassets */; };
		22ADEBAB25C903B700D461EF /* LaunchScreen.storyboard in Resources */ = {isa = PBXBuildFile; fileRef = 22ADEBA925C903B700D461EF /* LaunchScreen.storyboard */; };
		22ADEBB625C903B700D461EF /* flixappTests.swift in Sources */ = {isa = PBXBuildFile; fileRef = 22ADEBB525C903B700D461EF /* flixappTests.swift */; };
		22ADEBC125C903B700D461EF /* flixappUITests.swift in Sources */ = {isa = PBXBuildFile; fileRef = 22ADEBC025C903B700D461EF /* flixappUITests.swift */; };
		22ADEBD525C9074300D461EF /* MoviesViewController.swift in Sources */ = {isa = PBXBuildFile; fileRef = 22ADEBD425C9074200D461EF /* MoviesViewController.swift */; };
		22ADEBDA25C91B3900D461EF /* MovieCell.swift in Sources */ = {isa = PBXBuildFile; fileRef = 22ADEBD925C91B3900D461EF /* MovieCell.swift */; };
		D6CFA6CF7C856FE6C623047D /* Pods_flixapp_flixappUITests.framework in Frameworks */ = {isa = PBXBuildFile; fileRef = 36D5563139B98A0AC40881F8 /* Pods_flixapp_flixappUITests.framework */; };
		E976126360371B28898B0404 /* Pods_flixappTests.framework in Frameworks */ = {isa = PBXBuildFile; fileRef = 5E78D076EDB8A79A9CA5596A /* Pods_flixappTests.framework */; };
/* End PBXBuildFile section */

/* Begin PBXContainerItemProxy section */
		22ADEBB225C903B700D461EF /* PBXContainerItemProxy */ = {
			isa = PBXContainerItemProxy;
			containerPortal = 22ADEB9325C903B600D461EF /* Project object */;
			proxyType = 1;
			remoteGlobalIDString = 22ADEB9A25C903B600D461EF;
			remoteInfo = flixapp;
		};
		22ADEBBD25C903B700D461EF /* PBXContainerItemProxy */ = {
			isa = PBXContainerItemProxy;
			containerPortal = 22ADEB9325C903B600D461EF /* Project object */;
			proxyType = 1;
			remoteGlobalIDString = 22ADEB9A25C903B600D461EF;
			remoteInfo = flixapp;
		};
/* End PBXContainerItemProxy section */

/* Begin PBXFileReference section */
		07C989EB40353A0DF140334A /* Pods-flixappTests.release.xcconfig */ = {isa = PBXFileReference; includeInIndex = 1; lastKnownFileType = text.xcconfig; name = "Pods-flixappTests.release.xcconfig"; path = "Target Support Files/Pods-flixappTests/Pods-flixappTests.release.xcconfig"; sourceTree = "<group>"; };
		1D3406ADF1388474BDC84D17 /* Pods-flixapp.debug.xcconfig */ = {isa = PBXFileReference; includeInIndex = 1; lastKnownFileType = text.xcconfig; name = "Pods-flixapp.debug.xcconfig"; path = "Target Support Files/Pods-flixapp/Pods-flixapp.debug.xcconfig"; sourceTree = "<group>"; };
		220FACF025D242AA007E753D /* MovieDetailsViewController.swift */ = {isa = PBXFileReference; lastKnownFileType = sourcecode.swift; path = MovieDetailsViewController.swift; sourceTree = "<group>"; };
		220FACF525D5012A007E753D /* MovieGridViewController.swift */ = {isa = PBXFileReference; lastKnownFileType = sourcecode.swift; path = MovieGridViewController.swift; sourceTree = "<group>"; };
		220FACFA25D50508007E753D /* MovieGridCell.swift */ = {isa = PBXFileReference; lastKnownFileType = sourcecode.swift; path = MovieGridCell.swift; sourceTree = "<group>"; };
		22ADEB9B25C903B600D461EF /* flixapp.app */ = {isa = PBXFileReference; explicitFileType = wrapper.application; includeInIndex = 0; path = flixapp.app; sourceTree = BUILT_PRODUCTS_DIR; };
		22ADEB9E25C903B600D461EF /* AppDelegate.swift */ = {isa = PBXFileReference; lastKnownFileType = sourcecode.swift; path = AppDelegate.swift; sourceTree = "<group>"; };
		22ADEBA025C903B600D461EF /* SceneDelegate.swift */ = {isa = PBXFileReference; lastKnownFileType = sourcecode.swift; path = SceneDelegate.swift; sourceTree = "<group>"; };
		22ADEBA525C903B600D461EF /* Base */ = {isa = PBXFileReference; lastKnownFileType = file.storyboard; name = Base; path = Base.lproj/Main.storyboard; sourceTree = "<group>"; };
		22ADEBA725C903B700D461EF /* Assets.xcassets */ = {isa = PBXFileReference; lastKnownFileType = folder.assetcatalog; path = Assets.xcassets; sourceTree = "<group>"; };
		22ADEBAA25C903B700D461EF /* Base */ = {isa = PBXFileReference; lastKnownFileType = file.storyboard; name = Base; path = Base.lproj/LaunchScreen.storyboard; sourceTree = "<group>"; };
		22ADEBAC25C903B700D461EF /* Info.plist */ = {isa = PBXFileReference; lastKnownFileType = text.plist.xml; path = Info.plist; sourceTree = "<group>"; };
		22ADEBB125C903B700D461EF /* flixappTests.xctest */ = {isa = PBXFileReference; explicitFileType = wrapper.cfbundle; includeInIndex = 0; path = flixappTests.xctest; sourceTree = BUILT_PRODUCTS_DIR; };
		22ADEBB525C903B700D461EF /* flixappTests.swift */ = {isa = PBXFileReference; lastKnownFileType = sourcecode.swift; path = flixappTests.swift; sourceTree = "<group>"; };
		22ADEBB725C903B700D461EF /* Info.plist */ = {isa = PBXFileReference; lastKnownFileType = text.plist.xml; path = Info.plist; sourceTree = "<group>"; };
		22ADEBBC25C903B700D461EF /* flixappUITests.xctest */ = {isa = PBXFileReference; explicitFileType = wrapper.cfbundle; includeInIndex = 0; path = flixappUITests.xctest; sourceTree = BUILT_PRODUCTS_DIR; };
		22ADEBC025C903B700D461EF /* flixappUITests.swift */ = {isa = PBXFileReference; lastKnownFileType = sourcecode.swift; path = flixappUITests.swift; sourceTree = "<group>"; };
		22ADEBC225C903B800D461EF /* Info.plist */ = {isa = PBXFileReference; lastKnownFileType = text.plist.xml; path = Info.plist; sourceTree = "<group>"; };
		22ADEBD425C9074200D461EF /* MoviesViewController.swift */ = {isa = PBXFileReference; lastKnownFileType = sourcecode.swift; path = MoviesViewController.swift; sourceTree = "<group>"; };
		22ADEBD925C91B3900D461EF /* MovieCell.swift */ = {isa = PBXFileReference; lastKnownFileType = sourcecode.swift; path = MovieCell.swift; sourceTree = "<group>"; };
		36D5563139B98A0AC40881F8 /* Pods_flixapp_flixappUITests.framework */ = {isa = PBXFileReference; explicitFileType = wrapper.framework; includeInIndex = 0; path = Pods_flixapp_flixappUITests.framework; sourceTree = BUILT_PRODUCTS_DIR; };
		5E78D076EDB8A79A9CA5596A /* Pods_flixappTests.framework */ = {isa = PBXFileReference; explicitFileType = wrapper.framework; includeInIndex = 0; path = Pods_flixappTests.framework; sourceTree = BUILT_PRODUCTS_DIR; };
		8D43C029A30A3BE985741D74 /* Pods-flixappTests.debug.xcconfig */ = {isa = PBXFileReference; includeInIndex = 1; lastKnownFileType = text.xcconfig; name = "Pods-flixappTests.debug.xcconfig"; path = "Target Support Files/Pods-flixappTests/Pods-flixappTests.debug.xcconfig"; sourceTree = "<group>"; };
		9B9E79E4F4578626ACD4BEC1 /* Pods_flixapp.framework */ = {isa = PBXFileReference; explicitFileType = wrapper.framework; includeInIndex = 0; path = Pods_flixapp.framework; sourceTree = BUILT_PRODUCTS_DIR; };
		CE6DEC6F79B6AD7A89160978 /* Pods-flixapp-flixappUITests.release.xcconfig */ = {isa = PBXFileReference; includeInIndex = 1; lastKnownFileType = text.xcconfig; name = "Pods-flixapp-flixappUITests.release.xcconfig"; path = "Target Support Files/Pods-flixapp-flixappUITests/Pods-flixapp-flixappUITests.release.xcconfig"; sourceTree = "<group>"; };
		E2DD18D1362EC547871B6D68 /* Pods-flixapp.release.xcconfig */ = {isa = PBXFileReference; includeInIndex = 1; lastKnownFileType = text.xcconfig; name = "Pods-flixapp.release.xcconfig"; path = "Target Support Files/Pods-flixapp/Pods-flixapp.release.xcconfig"; sourceTree = "<group>"; };
		FEF50F9B2C43E7C7621433A2 /* Pods-flixapp-flixappUITests.debug.xcconfig */ = {isa = PBXFileReference; includeInIndex = 1; lastKnownFileType = text.xcconfig; name = "Pods-flixapp-flixappUITests.debug.xcconfig"; path = "Target Support Files/Pods-flixapp-flixappUITests/Pods-flixapp-flixappUITests.debug.xcconfig"; sourceTree = "<group>"; };
/* End PBXFileReference section */

/* Begin PBXFrameworksBuildPhase section */
		22ADEB9825C903B600D461EF /* Frameworks */ = {
			isa = PBXFrameworksBuildPhase;
			buildActionMask = 2147483647;
			files = (
				09F76990611C2F10C0D7E2E5 /* Pods_flixapp.framework in Frameworks */,
			);
			runOnlyForDeploymentPostprocessing = 0;
		};
		22ADEBAE25C903B700D461EF /* Frameworks */ = {
			isa = PBXFrameworksBuildPhase;
			buildActionMask = 2147483647;
			files = (
				E976126360371B28898B0404 /* Pods_flixappTests.framework in Frameworks */,
			);
			runOnlyForDeploymentPostprocessing = 0;
		};
		22ADEBB925C903B700D461EF /* Frameworks */ = {
			isa = PBXFrameworksBuildPhase;
			buildActionMask = 2147483647;
			files = (
				D6CFA6CF7C856FE6C623047D /* Pods_flixapp_flixappUITests.framework in Frameworks */,
			);
			runOnlyForDeploymentPostprocessing = 0;
		};
/* End PBXFrameworksBuildPhase section */

/* Begin PBXGroup section */
		22ADEB9225C903B600D461EF = {
			isa = PBXGroup;
			children = (
				22ADEB9D25C903B600D461EF /* flixapp */,
				22ADEBB425C903B700D461EF /* flixappTests */,
				22ADEBBF25C903B700D461EF /* flixappUITests */,
				22ADEB9C25C903B600D461EF /* Products */,
				594975DB21D406FDD4FA4F29 /* Pods */,
				3E88F00F4EF2C898A2D6C8C5 /* Frameworks */,
			);
			sourceTree = "<group>";
		};
		22ADEB9C25C903B600D461EF /* Products */ = {
			isa = PBXGroup;
			children = (
				22ADEB9B25C903B600D461EF /* flixapp.app */,
				22ADEBB125C903B700D461EF /* flixappTests.xctest */,
				22ADEBBC25C903B700D461EF /* flixappUITests.xctest */,
			);
			name = Products;
			sourceTree = "<group>";
		};
		22ADEB9D25C903B600D461EF /* flixapp */ = {
			isa = PBXGroup;
			children = (
				22ADEB9E25C903B600D461EF /* AppDelegate.swift */,
				22ADEBA025C903B600D461EF /* SceneDelegate.swift */,
				22ADEBA425C903B600D461EF /* Main.storyboard */,
				22ADEBA725C903B700D461EF /* Assets.xcassets */,
				22ADEBA925C903B700D461EF /* LaunchScreen.storyboard */,
				22ADEBAC25C903B700D461EF /* Info.plist */,
				22ADEBD425C9074200D461EF /* MoviesViewController.swift */,
				22ADEBD925C91B3900D461EF /* MovieCell.swift */,
				220FACF025D242AA007E753D /* MovieDetailsViewController.swift */,
				220FACF525D5012A007E753D /* MovieGridViewController.swift */,
				220FACFA25D50508007E753D /* MovieGridCell.swift */,
			);
			path = flixapp;
			sourceTree = "<group>";
		};
		22ADEBB425C903B700D461EF /* flixappTests */ = {
			isa = PBXGroup;
			children = (
				22ADEBB525C903B700D461EF /* flixappTests.swift */,
				22ADEBB725C903B700D461EF /* Info.plist */,
			);
			path = flixappTests;
			sourceTree = "<group>";
		};
		22ADEBBF25C903B700D461EF /* flixappUITests */ = {
			isa = PBXGroup;
			children = (
				22ADEBC025C903B700D461EF /* flixappUITests.swift */,
				22ADEBC225C903B800D461EF /* Info.plist */,
			);
			path = flixappUITests;
			sourceTree = "<group>";
		};
		3E88F00F4EF2C898A2D6C8C5 /* Frameworks */ = {
			isa = PBXGroup;
			children = (
				9B9E79E4F4578626ACD4BEC1 /* Pods_flixapp.framework */,
				36D5563139B98A0AC40881F8 /* Pods_flixapp_flixappUITests.framework */,
				5E78D076EDB8A79A9CA5596A /* Pods_flixappTests.framework */,
			);
			name = Frameworks;
			sourceTree = "<group>";
		};
		594975DB21D406FDD4FA4F29 /* Pods */ = {
			isa = PBXGroup;
			children = (
				1D3406ADF1388474BDC84D17 /* Pods-flixapp.debug.xcconfig */,
				E2DD18D1362EC547871B6D68 /* Pods-flixapp.release.xcconfig */,
				FEF50F9B2C43E7C7621433A2 /* Pods-flixapp-flixappUITests.debug.xcconfig */,
				CE6DEC6F79B6AD7A89160978 /* Pods-flixapp-flixappUITests.release.xcconfig */,
				8D43C029A30A3BE985741D74 /* Pods-flixappTests.debug.xcconfig */,
				07C989EB40353A0DF140334A /* Pods-flixappTests.release.xcconfig */,
			);
			path = Pods;
			sourceTree = "<group>";
		};
/* End PBXGroup section */

/* Begin PBXNativeTarget section */
		22ADEB9A25C903B600D461EF /* flixapp */ = {
			isa = PBXNativeTarget;
			buildConfigurationList = 22ADEBC525C903B800D461EF /* Build configuration list for PBXNativeTarget "flixapp" */;
			buildPhases = (
				7322D4674BD291789E4A2003 /* [CP] Check Pods Manifest.lock */,
				22ADEB9725C903B600D461EF /* Sources */,
				22ADEB9825C903B600D461EF /* Frameworks */,
				22ADEB9925C903B600D461EF /* Resources */,
				0DCB1EB3F055B850D199435F /* [CP] Embed Pods Frameworks */,
			);
			buildRules = (
			);
			dependencies = (
			);
			name = flixapp;
			productName = flixapp;
			productReference = 22ADEB9B25C903B600D461EF /* flixapp.app */;
			productType = "com.apple.product-type.application";
		};
		22ADEBB025C903B700D461EF /* flixappTests */ = {
			isa = PBXNativeTarget;
			buildConfigurationList = 22ADEBC825C903B800D461EF /* Build configuration list for PBXNativeTarget "flixappTests" */;
			buildPhases = (
				EF3D5223F717BF703DF4CC53 /* [CP] Check Pods Manifest.lock */,
				22ADEBAD25C903B700D461EF /* Sources */,
				22ADEBAE25C903B700D461EF /* Frameworks */,
				22ADEBAF25C903B700D461EF /* Resources */,
			);
			buildRules = (
			);
			dependencies = (
				22ADEBB325C903B700D461EF /* PBXTargetDependency */,
			);
			name = flixappTests;
			productName = flixappTests;
			productReference = 22ADEBB125C903B700D461EF /* flixappTests.xctest */;
			productType = "com.apple.product-type.bundle.unit-test";
		};
		22ADEBBB25C903B700D461EF /* flixappUITests */ = {
			isa = PBXNativeTarget;
			buildConfigurationList = 22ADEBCB25C903B800D461EF /* Build configuration list for PBXNativeTarget "flixappUITests" */;
			buildPhases = (
				257789F66AAEF56EC0406D1E /* [CP] Check Pods Manifest.lock */,
				22ADEBB825C903B700D461EF /* Sources */,
				22ADEBB925C903B700D461EF /* Frameworks */,
				22ADEBBA25C903B700D461EF /* Resources */,
				2AE54D2557F908D994FB2A44 /* [CP] Embed Pods Frameworks */,
			);
			buildRules = (
			);
			dependencies = (
				22ADEBBE25C903B700D461EF /* PBXTargetDependency */,
			);
			name = flixappUITests;
			productName = flixappUITests;
			productReference = 22ADEBBC25C903B700D461EF /* flixappUITests.xctest */;
			productType = "com.apple.product-type.bundle.ui-testing";
		};
/* End PBXNativeTarget section */

/* Begin PBXProject section */
		22ADEB9325C903B600D461EF /* Project object */ = {
			isa = PBXProject;
			attributes = {
				LastSwiftUpdateCheck = 1230;
				LastUpgradeCheck = 1230;
				TargetAttributes = {
					22ADEB9A25C903B600D461EF = {
						CreatedOnToolsVersion = 12.3;
					};
					22ADEBB025C903B700D461EF = {
						CreatedOnToolsVersion = 12.3;
						TestTargetID = 22ADEB9A25C903B600D461EF;
					};
					22ADEBBB25C903B700D461EF = {
						CreatedOnToolsVersion = 12.3;
						TestTargetID = 22ADEB9A25C903B600D461EF;
					};
				};
			};
			buildConfigurationList = 22ADEB9625C903B600D461EF /* Build configuration list for PBXProject "flixapp" */;
			compatibilityVersion = "Xcode 9.3";
			developmentRegion = en;
			hasScannedForEncodings = 0;
			knownRegions = (
				en,
				Base,
			);
			mainGroup = 22ADEB9225C903B600D461EF;
			productRefGroup = 22ADEB9C25C903B600D461EF /* Products */;
			projectDirPath = "";
			projectRoot = "";
			targets = (
				22ADEB9A25C903B600D461EF /* flixapp */,
				22ADEBB025C903B700D461EF /* flixappTests */,
				22ADEBBB25C903B700D461EF /* flixappUITests */,
			);
		};
/* End PBXProject section */

/* Begin PBXResourcesBuildPhase section */
		22ADEB9925C903B600D461EF /* Resources */ = {
			isa = PBXResourcesBuildPhase;
			buildActionMask = 2147483647;
			files = (
				22ADEBAB25C903B700D461EF /* LaunchScreen.storyboard in Resources */,
				22ADEBA825C903B700D461EF /* Assets.xcassets in Resources */,
				22ADEBA625C903B600D461EF /* Main.storyboard in Resources */,
			);
			runOnlyForDeploymentPostprocessing = 0;
		};
		22ADEBAF25C903B700D461EF /* Resources */ = {
			isa = PBXResourcesBuildPhase;
			buildActionMask = 2147483647;
			files = (
			);
			runOnlyForDeploymentPostprocessing = 0;
		};
		22ADEBBA25C903B700D461EF /* Resources */ = {
			isa = PBXResourcesBuildPhase;
			buildActionMask = 2147483647;
			files = (
			);
			runOnlyForDeploymentPostprocessing = 0;
		};
/* End PBXResourcesBuildPhase section */

/* Begin PBXShellScriptBuildPhase section */
		0DCB1EB3F055B850D199435F /* [CP] Embed Pods Frameworks */ = {
			isa = PBXShellScriptBuildPhase;
			buildActionMask = 2147483647;
			files = (
			);
			inputFileListPaths = (
				"${PODS_ROOT}/Target Support Files/Pods-flixapp/Pods-flixapp-frameworks-${CONFIGURATION}-input-files.xcfilelist",
			);
			name = "[CP] Embed Pods Frameworks";
			outputFileListPaths = (
				"${PODS_ROOT}/Target Support Files/Pods-flixapp/Pods-flixapp-frameworks-${CONFIGURATION}-output-files.xcfilelist",
			);
			runOnlyForDeploymentPostprocessing = 0;
			shellPath = /bin/sh;
			shellScript = "\"${PODS_ROOT}/Target Support Files/Pods-flixapp/Pods-flixapp-frameworks.sh\"\n";
			showEnvVarsInLog = 0;
		};
		257789F66AAEF56EC0406D1E /* [CP] Check Pods Manifest.lock */ = {
			isa = PBXShellScriptBuildPhase;
			buildActionMask = 2147483647;
			files = (
			);
			inputFileListPaths = (
			);
			inputPaths = (
				"${PODS_PODFILE_DIR_PATH}/Podfile.lock",
				"${PODS_ROOT}/Manifest.lock",
			);
			name = "[CP] Check Pods Manifest.lock";
			outputFileListPaths = (
			);
			outputPaths = (
				"$(DERIVED_FILE_DIR)/Pods-flixapp-flixappUITests-checkManifestLockResult.txt",
			);
			runOnlyForDeploymentPostprocessing = 0;
			shellPath = /bin/sh;
			shellScript = "diff \"${PODS_PODFILE_DIR_PATH}/Podfile.lock\" \"${PODS_ROOT}/Manifest.lock\" > /dev/null\nif [ $? != 0 ] ; then\n    # print error to STDERR\n    echo \"error: The sandbox is not in sync with the Podfile.lock. Run 'pod install' or update your CocoaPods installation.\" >&2\n    exit 1\nfi\n# This output is used by Xcode 'outputs' to avoid re-running this script phase.\necho \"SUCCESS\" > \"${SCRIPT_OUTPUT_FILE_0}\"\n";
			showEnvVarsInLog = 0;
		};
		2AE54D2557F908D994FB2A44 /* [CP] Embed Pods Frameworks */ = {
			isa = PBXShellScriptBuildPhase;
			buildActionMask = 2147483647;
			files = (
			);
			inputFileListPaths = (
				"${PODS_ROOT}/Target Support Files/Pods-flixapp-flixappUITests/Pods-flixapp-flixappUITests-frameworks-${CONFIGURATION}-input-files.xcfilelist",
			);
			name = "[CP] Embed Pods Frameworks";
			outputFileListPaths = (
				"${PODS_ROOT}/Target Support Files/Pods-flixapp-flixappUITests/Pods-flixapp-flixappUITests-frameworks-${CONFIGURATION}-output-files.xcfilelist",
			);
			runOnlyForDeploymentPostprocessing = 0;
			shellPath = /bin/sh;
			shellScript = "\"${PODS_ROOT}/Target Support Files/Pods-flixapp-flixappUITests/Pods-flixapp-flixappUITests-frameworks.sh\"\n";
			showEnvVarsInLog = 0;
		};
		7322D4674BD291789E4A2003 /* [CP] Check Pods Manifest.lock */ = {
			isa = PBXShellScriptBuildPhase;
			buildActionMask = 2147483647;
			files = (
			);
			inputFileListPaths = (
			);
			inputPaths = (
				"${PODS_PODFILE_DIR_PATH}/Podfile.lock",
				"${PODS_ROOT}/Manifest.lock",
			);
			name = "[CP] Check Pods Manifest.lock";
			outputFileListPaths = (
			);
			outputPaths = (
				"$(DERIVED_FILE_DIR)/Pods-flixapp-checkManifestLockResult.txt",
			);
			runOnlyForDeploymentPostprocessing = 0;
			shellPath = /bin/sh;
			shellScript = "diff \"${PODS_PODFILE_DIR_PATH}/Podfile.lock\" \"${PODS_ROOT}/Manifest.lock\" > /dev/null\nif [ $? != 0 ] ; then\n    # print error to STDERR\n    echo \"error: The sandbox is not in sync with the Podfile.lock. Run 'pod install' or update your CocoaPods installation.\" >&2\n    exit 1\nfi\n# This output is used by Xcode 'outputs' to avoid re-running this script phase.\necho \"SUCCESS\" > \"${SCRIPT_OUTPUT_FILE_0}\"\n";
			showEnvVarsInLog = 0;
		};
		EF3D5223F717BF703DF4CC53 /* [CP] Check Pods Manifest.lock */ = {
			isa = PBXShellScriptBuildPhase;
			buildActionMask = 2147483647;
			files = (
			);
			inputFileListPaths = (
			);
			inputPaths = (
				"${PODS_PODFILE_DIR_PATH}/Podfile.lock",
				"${PODS_ROOT}/Manifest.lock",
			);
			name = "[CP] Check Pods Manifest.lock";
			outputFileListPaths = (
			);
			outputPaths = (
				"$(DERIVED_FILE_DIR)/Pods-flixappTests-checkManifestLockResult.txt",
			);
			runOnlyForDeploymentPostprocessing = 0;
			shellPath = /bin/sh;
			shellScript = "diff \"${PODS_PODFILE_DIR_PATH}/Podfile.lock\" \"${PODS_ROOT}/Manifest.lock\" > /dev/null\nif [ $? != 0 ] ; then\n    # print error to STDERR\n    echo \"error: The sandbox is not in sync with the Podfile.lock. Run 'pod install' or update your CocoaPods installation.\" >&2\n    exit 1\nfi\n# This output is used by Xcode 'outputs' to avoid re-running this script phase.\necho \"SUCCESS\" > \"${SCRIPT_OUTPUT_FILE_0}\"\n";
			showEnvVarsInLog = 0;
		};
/* End PBXShellScriptBuildPhase section */

/* Begin PBXSourcesBuildPhase section */
		22ADEB9725C903B600D461EF /* Sources */ = {
			isa = PBXSourcesBuildPhase;
			buildActionMask = 2147483647;
			files = (
				220FACF125D242AA007E753D /* MovieDetailsViewController.swift in Sources */,
				22ADEB9F25C903B600D461EF /* AppDelegate.swift in Sources */,
				22ADEBA125C903B600D461EF /* SceneDelegate.swift in Sources */,
				22ADEBDA25C91B3900D461EF /* MovieCell.swift in Sources */,
				22ADEBD525C9074300D461EF /* MoviesViewController.swift in Sources */,
				220FACF625D5012A007E753D /* MovieGridViewController.swift in Sources */,
				220FACFB25D50508007E753D /* MovieGridCell.swift in Sources */,
			);
			runOnlyForDeploymentPostprocessing = 0;
		};
		22ADEBAD25C903B700D461EF /* Sources */ = {
			isa = PBXSourcesBuildPhase;
			buildActionMask = 2147483647;
			files = (
				22ADEBB625C903B700D461EF /* flixappTests.swift in Sources */,
			);
			runOnlyForDeploymentPostprocessing = 0;
		};
		22ADEBB825C903B700D461EF /* Sources */ = {
			isa = PBXSourcesBuildPhase;
			buildActionMask = 2147483647;
			files = (
				22ADEBC125C903B700D461EF /* flixappUITests.swift in Sources */,
			);
			runOnlyForDeploymentPostprocessing = 0;
		};
/* End PBXSourcesBuildPhase section */

/* Begin PBXTargetDependency section */
		22ADEBB325C903B700D461EF /* PBXTargetDependency */ = {
			isa = PBXTargetDependency;
			target = 22ADEB9A25C903B600D461EF /* flixapp */;
			targetProxy = 22ADEBB225C903B700D461EF /* PBXContainerItemProxy */;
		};
		22ADEBBE25C903B700D461EF /* PBXTargetDependency */ = {
			isa = PBXTargetDependency;
			target = 22ADEB9A25C903B600D461EF /* flixapp */;
			targetProxy = 22ADEBBD25C903B700D461EF /* PBXContainerItemProxy */;
		};
/* End PBXTargetDependency section */

/* Begin PBXVariantGroup section */
		22ADEBA425C903B600D461EF /* Main.storyboard */ = {
			isa = PBXVariantGroup;
			children = (
				22ADEBA525C903B600D461EF /* Base */,
			);
			name = Main.storyboard;
			sourceTree = "<group>";
		};
		22ADEBA925C903B700D461EF /* LaunchScreen.storyboard */ = {
			isa = PBXVariantGroup;
			children = (
				22ADEBAA25C903B700D461EF /* Base */,
			);
			name = LaunchScreen.storyboard;
			sourceTree = "<group>";
		};
/* End PBXVariantGroup section */

/* Begin XCBuildConfiguration section */
		22ADEBC325C903B800D461EF /* Debug */ = {
			isa = XCBuildConfiguration;
			buildSettings = {
				ALWAYS_SEARCH_USER_PATHS = "$(inherited)";
				CLANG_ANALYZER_NONNULL = YES;
				CLANG_ANALYZER_NUMBER_OBJECT_CONVERSION = YES_AGGRESSIVE;
				CLANG_CXX_LANGUAGE_STANDARD = "gnu++14";
				CLANG_CXX_LIBRARY = "libc++";
				CLANG_ENABLE_MODULES = YES;
				CLANG_ENABLE_OBJC_ARC = YES;
				CLANG_ENABLE_OBJC_WEAK = YES;
				CLANG_WARN_BLOCK_CAPTURE_AUTORELEASING = YES;
				CLANG_WARN_BOOL_CONVERSION = YES;
				CLANG_WARN_COMMA = YES;
				CLANG_WARN_CONSTANT_CONVERSION = YES;
				CLANG_WARN_DEPRECATED_OBJC_IMPLEMENTATIONS = YES;
				CLANG_WARN_DIRECT_OBJC_ISA_USAGE = YES_ERROR;
				CLANG_WARN_DOCUMENTATION_COMMENTS = YES;
				CLANG_WARN_EMPTY_BODY = YES;
				CLANG_WARN_ENUM_CONVERSION = YES;
				CLANG_WARN_INFINITE_RECURSION = YES;
				CLANG_WARN_INT_CONVERSION = YES;
				CLANG_WARN_NON_LITERAL_NULL_CONVERSION = YES;
				CLANG_WARN_OBJC_IMPLICIT_RETAIN_SELF = YES;
				CLANG_WARN_OBJC_LITERAL_CONVERSION = YES;
				CLANG_WARN_OBJC_ROOT_CLASS = YES_ERROR;
				CLANG_WARN_QUOTED_INCLUDE_IN_FRAMEWORK_HEADER = YES;
				CLANG_WARN_RANGE_LOOP_ANALYSIS = YES;
				CLANG_WARN_STRICT_PROTOTYPES = YES;
				CLANG_WARN_SUSPICIOUS_MOVE = YES;
				CLANG_WARN_UNGUARDED_AVAILABILITY = YES_AGGRESSIVE;
				CLANG_WARN_UNREACHABLE_CODE = YES;
				CLANG_WARN__DUPLICATE_METHOD_MATCH = YES;
				COPY_PHASE_STRIP = NO;
				DEBUG_INFORMATION_FORMAT = dwarf;
				ENABLE_STRICT_OBJC_MSGSEND = YES;
				ENABLE_TESTABILITY = YES;
				GCC_C_LANGUAGE_STANDARD = gnu11;
				GCC_DYNAMIC_NO_PIC = NO;
				GCC_NO_COMMON_BLOCKS = YES;
				GCC_OPTIMIZATION_LEVEL = 0;
				GCC_PREPROCESSOR_DEFINITIONS = (
					"DEBUG=1",
					"$(inherited)",
				);
				GCC_WARN_64_TO_32_BIT_CONVERSION = YES;
				GCC_WARN_ABOUT_RETURN_TYPE = YES_ERROR;
				GCC_WARN_UNDECLARED_SELECTOR = YES;
				GCC_WARN_UNINITIALIZED_AUTOS = YES_AGGRESSIVE;
				GCC_WARN_UNUSED_FUNCTION = YES;
				GCC_WARN_UNUSED_VARIABLE = YES;
				IPHONEOS_DEPLOYMENT_TARGET = 14.3;
				LD_RUNPATH_SEARCH_PATHS = "$(inherited)";
				MTL_ENABLE_DEBUG_INFO = INCLUDE_SOURCE;
				MTL_FAST_MATH = YES;
				ONLY_ACTIVE_ARCH = YES;
				SDKROOT = iphoneos;
				SWIFT_ACTIVE_COMPILATION_CONDITIONS = DEBUG;
				SWIFT_OPTIMIZATION_LEVEL = "-Onone";
			};
			name = Debug;
		};
		22ADEBC425C903B800D461EF /* Release */ = {
			isa = XCBuildConfiguration;
			buildSettings = {
				ALWAYS_SEARCH_USER_PATHS = "$(inherited)";
				CLANG_ANALYZER_NONNULL = YES;
				CLANG_ANALYZER_NUMBER_OBJECT_CONVERSION = YES_AGGRESSIVE;
				CLANG_CXX_LANGUAGE_STANDARD = "gnu++14";
				CLANG_CXX_LIBRARY = "libc++";
				CLANG_ENABLE_MODULES = YES;
				CLANG_ENABLE_OBJC_ARC = YES;
				CLANG_ENABLE_OBJC_WEAK = YES;
				CLANG_WARN_BLOCK_CAPTURE_AUTORELEASING = YES;
				CLANG_WARN_BOOL_CONVERSION = YES;
				CLANG_WARN_COMMA = YES;
				CLANG_WARN_CONSTANT_CONVERSION = YES;
				CLANG_WARN_DEPRECATED_OBJC_IMPLEMENTATIONS = YES;
				CLANG_WARN_DIRECT_OBJC_ISA_USAGE = YES_ERROR;
				CLANG_WARN_DOCUMENTATION_COMMENTS = YES;
				CLANG_WARN_EMPTY_BODY = YES;
				CLANG_WARN_ENUM_CONVERSION = YES;
				CLANG_WARN_INFINITE_RECURSION = YES;
				CLANG_WARN_INT_CONVERSION = YES;
				CLANG_WARN_NON_LITERAL_NULL_CONVERSION = YES;
				CLANG_WARN_OBJC_IMPLICIT_RETAIN_SELF = YES;
				CLANG_WARN_OBJC_LITERAL_CONVERSION = YES;
				CLANG_WARN_OBJC_ROOT_CLASS = YES_ERROR;
				CLANG_WARN_QUOTED_INCLUDE_IN_FRAMEWORK_HEADER = YES;
				CLANG_WARN_RANGE_LOOP_ANALYSIS = YES;
				CLANG_WARN_STRICT_PROTOTYPES = YES;
				CLANG_WARN_SUSPICIOUS_MOVE = YES;
				CLANG_WARN_UNGUARDED_AVAILABILITY = YES_AGGRESSIVE;
				CLANG_WARN_UNREACHABLE_CODE = YES;
				CLANG_WARN__DUPLICATE_METHOD_MATCH = YES;
				COPY_PHASE_STRIP = NO;
				DEBUG_INFORMATION_FORMAT = "dwarf-with-dsym";
				ENABLE_NS_ASSERTIONS = NO;
				ENABLE_STRICT_OBJC_MSGSEND = YES;
				GCC_C_LANGUAGE_STANDARD = gnu11;
				GCC_NO_COMMON_BLOCKS = YES;
				GCC_WARN_64_TO_32_BIT_CONVERSION = YES;
				GCC_WARN_ABOUT_RETURN_TYPE = YES_ERROR;
				GCC_WARN_UNDECLARED_SELECTOR = YES;
				GCC_WARN_UNINITIALIZED_AUTOS = YES_AGGRESSIVE;
				GCC_WARN_UNUSED_FUNCTION = YES;
				GCC_WARN_UNUSED_VARIABLE = YES;
				IPHONEOS_DEPLOYMENT_TARGET = 14.3;
				LD_RUNPATH_SEARCH_PATHS = "$(inherited)";
				MTL_ENABLE_DEBUG_INFO = NO;
				MTL_FAST_MATH = YES;
				SDKROOT = iphoneos;
				SWIFT_COMPILATION_MODE = wholemodule;
				SWIFT_OPTIMIZATION_LEVEL = "-O";
				VALIDATE_PRODUCT = YES;
			};
			name = Release;
		};
		22ADEBC625C903B800D461EF /* Debug */ = {
			isa = XCBuildConfiguration;
			baseConfigurationReference = 1D3406ADF1388474BDC84D17 /* Pods-flixapp.debug.xcconfig */;
			buildSettings = {
				ALWAYS_SEARCH_USER_PATHS = "$(inherited)";
				ASSETCATALOG_COMPILER_APPICON_NAME = AppIcon;
				ASSETCATALOG_COMPILER_GLOBAL_ACCENT_COLOR_NAME = AccentColor;
				CODE_SIGN_STYLE = Automatic;
				INFOPLIST_FILE = flixapp/Info.plist;
				LD_RUNPATH_SEARCH_PATHS = (
					"$(inherited)",
					"@executable_path/Frameworks",
				);
				NEW_SETTING = "";
				PRODUCT_BUNDLE_IDENTIFIER = windyj23.flixapp;
				PRODUCT_NAME = "$(TARGET_NAME)";
				SWIFT_VERSION = 5.0;
				TARGETED_DEVICE_FAMILY = "1,2";
			};
			name = Debug;
		};
		22ADEBC725C903B800D461EF /* Release */ = {
			isa = XCBuildConfiguration;
			baseConfigurationReference = E2DD18D1362EC547871B6D68 /* Pods-flixapp.release.xcconfig */;
			buildSettings = {
				ALWAYS_SEARCH_USER_PATHS = "$(inherited)";
				ASSETCATALOG_COMPILER_APPICON_NAME = AppIcon;
				ASSETCATALOG_COMPILER_GLOBAL_ACCENT_COLOR_NAME = AccentColor;
				CODE_SIGN_STYLE = Automatic;
				INFOPLIST_FILE = flixapp/Info.plist;
				LD_RUNPATH_SEARCH_PATHS = (
					"$(inherited)",
					"@executable_path/Frameworks",
				);
				NEW_SETTING = "";
				PRODUCT_BUNDLE_IDENTIFIER = windyj23.flixapp;
				PRODUCT_NAME = "$(TARGET_NAME)";
				SWIFT_VERSION = 5.0;
				TARGETED_DEVICE_FAMILY = "1,2";
			};
			name = Release;
		};
		22ADEBC925C903B800D461EF /* Debug */ = {
			isa = XCBuildConfiguration;
			baseConfigurationReference = 8D43C029A30A3BE985741D74 /* Pods-flixappTests.debug.xcconfig */;
			buildSettings = {
				BUNDLE_LOADER = "$(TEST_HOST)";
				CODE_SIGN_STYLE = Automatic;
				INFOPLIST_FILE = flixappTests/Info.plist;
				IPHONEOS_DEPLOYMENT_TARGET = 14.3;
				LD_RUNPATH_SEARCH_PATHS = (
					"$(inherited)",
					"@executable_path/Frameworks",
					"@loader_path/Frameworks",
				);
				PRODUCT_BUNDLE_IDENTIFIER = windyj23.flixappTests;
				PRODUCT_NAME = "$(TARGET_NAME)";
				SWIFT_VERSION = 5.0;
				TARGETED_DEVICE_FAMILY = "1,2";
				TEST_HOST = "$(BUILT_PRODUCTS_DIR)/flixapp.app/flixapp";
			};
			name = Debug;
		};
		22ADEBCA25C903B800D461EF /* Release */ = {
			isa = XCBuildConfiguration;
			baseConfigurationReference = 07C989EB40353A0DF140334A /* Pods-flixappTests.release.xcconfig */;
			buildSettings = {
				BUNDLE_LOADER = "$(TEST_HOST)";
				CODE_SIGN_STYLE = Automatic;
				INFOPLIST_FILE = flixappTests/Info.plist;
				IPHONEOS_DEPLOYMENT_TARGET = 14.3;
				LD_RUNPATH_SEARCH_PATHS = (
					"$(inherited)",
					"@executable_path/Frameworks",
					"@loader_path/Frameworks",
				);
				PRODUCT_BUNDLE_IDENTIFIER = windyj23.flixappTests;
				PRODUCT_NAME = "$(TARGET_NAME)";
				SWIFT_VERSION = 5.0;
				TARGETED_DEVICE_FAMILY = "1,2";
				TEST_HOST = "$(BUILT_PRODUCTS_DIR)/flixapp.app/flixapp";
			};
			name = Release;
		};
		22ADEBCC25C903B800D461EF /* Debug */ = {
			isa = XCBuildConfiguration;
			baseConfigurationReference = FEF50F9B2C43E7C7621433A2 /* Pods-flixapp-flixappUITests.debug.xcconfig */;
			buildSettings = {
				CODE_SIGN_STYLE = Automatic;
				INFOPLIST_FILE = flixappUITests/Info.plist;
				LD_RUNPATH_SEARCH_PATHS = (
					"$(inherited)",
					"@executable_path/Frameworks",
					"@loader_path/Frameworks",
				);
				PRODUCT_BUNDLE_IDENTIFIER = windyj23.flixappUITests;
				PRODUCT_NAME = "$(TARGET_NAME)";
				SWIFT_VERSION = 5.0;
				TARGETED_DEVICE_FAMILY = "1,2";
				TEST_TARGET_NAME = flixapp;
			};
			name = Debug;
		};
		22ADEBCD25C903B800D461EF /* Release */ = {
			isa = XCBuildConfiguration;
			baseConfigurationReference = CE6DEC6F79B6AD7A89160978 /* Pods-flixapp-flixappUITests.release.xcconfig */;
			buildSettings = {
				CODE_SIGN_STYLE = Automatic;
				INFOPLIST_FILE = flixappUITests/Info.plist;
				LD_RUNPATH_SEARCH_PATHS = (
					"$(inherited)",
					"@executable_path/Frameworks",
					"@loader_path/Frameworks",
				);
				PRODUCT_BUNDLE_IDENTIFIER = windyj23.flixappUITests;
				PRODUCT_NAME = "$(TARGET_NAME)";
				SWIFT_VERSION = 5.0;
				TARGETED_DEVICE_FAMILY = "1,2";
				TEST_TARGET_NAME = flixapp;
			};
			name = Release;
		};
/* End XCBuildConfiguration section */

/* Begin XCConfigurationList section */
		22ADEB9625C903B600D461EF /* Build configuration list for PBXProject "flixapp" */ = {
			isa = XCConfigurationList;
			buildConfigurations = (
				22ADEBC325C903B800D461EF /* Debug */,
				22ADEBC425C903B800D461EF /* Release */,
			);
			defaultConfigurationIsVisible = 0;
			defaultConfigurationName = Release;
		};
		22ADEBC525C903B800D461EF /* Build configuration list for PBXNativeTarget "flixapp" */ = {
			isa = XCConfigurationList;
			buildConfigurations = (
				22ADEBC625C903B800D461EF /* Debug */,
				22ADEBC725C903B800D461EF /* Release */,
			);
			defaultConfigurationIsVisible = 0;
			defaultConfigurationName = Release;
		};
		22ADEBC825C903B800D461EF /* Build configuration list for PBXNativeTarget "flixappTests" */ = {
			isa = XCConfigurationList;
			buildConfigurations = (
				22ADEBC925C903B800D461EF /* Debug */,
				22ADEBCA25C903B800D461EF /* Release */,
			);
			defaultConfigurationIsVisible = 0;
			defaultConfigurationName = Release;
		};
		22ADEBCB25C903B800D461EF /* Build configuration list for PBXNativeTarget "flixappUITests" */ = {
			isa = XCConfigurationList;
			buildConfigurations = (
				22ADEBCC25C903B800D461EF /* Debug */,
				22ADEBCD25C903B800D461EF /* Release */,
			);
			defaultConfigurationIsVisible = 0;
			defaultConfigurationName = Release;
		};
/* End XCConfigurationList section */
	};
	rootObject = 22ADEB9325C903B600D461EF /* Project object */;
}
